
Microsoft Visual Studio Solution File, Format Version 12.00
# Visual Studio 2012
Project("{FAE04EC0-301F-11D3-BF4B-00C04F79EFBC}") = "Minesweeper", "4. Minesweeper\Minesweeper.csproj", "{7AFAE45D-8514-489A-9A7C-CE34C2C91CA4}"
EndProject
Global
	GlobalSection(SolutionConfigurationPlatforms) = preSolution
		Debug|Any CPU = Debug|Any CPU
		Release|Any CPU = Release|Any CPU
	EndGlobalSection
	GlobalSection(ProjectConfigurationPlatforms) = postSolution
		{7AFAE45D-8514-489A-9A7C-CE34C2C91CA4}.Debug|Any CPU.ActiveCfg = Debug|Any CPU
		{7AFAE45D-8514-489A-9A7C-CE34C2C91CA4}.Debug|Any CPU.Build.0 = Debug|Any CPU
		{7AFAE45D-8514-489A-9A7C-CE34C2C91CA4}.Release|Any CPU.ActiveCfg = Release|Any CPU
		{7AFAE45D-8514-489A-9A7C-CE34C2C91CA4}.Release|Any CPU.Build.0 = Release|Any CPU
	EndGlobalSection
	GlobalSection(SolutionProperties) = preSolution
		HideSolutionNode = FALSE
	EndGlobalSection
EndGlobal
